
Microsoft Visual Studio Solution File, Format Version 11.00
# Visual Studio 2010
Project("{FAE04EC0-301F-11D3-BF4B-00C04F79EFBC}") = "Weaver.Test", "Weaver.Test\Weaver.Test.csproj", "{CC4A233E-BE8A-47CC-A87C-8352BFD557B7}"
EndProject
Project("{FAE04EC0-301F-11D3-BF4B-00C04F79EFBC}") = "Weaver", "Weaver\Weaver.csproj", "{3952A0F1-6FA9-4B6C-8658-BC83285B0BA7}"
EndProject
Global
	GlobalSection(SolutionConfigurationPlatforms) = preSolution
		Debug|Any CPU = Debug|Any CPU
		Debug|Mixed Platforms = Debug|Mixed Platforms
		Debug|x86 = Debug|x86
		DebugLive|Any CPU = DebugLive|Any CPU
		DebugLive|Mixed Platforms = DebugLive|Mixed Platforms
		DebugLive|x86 = DebugLive|x86
		Release|Any CPU = Release|Any CPU
		Release|Mixed Platforms = Release|Mixed Platforms
		Release|x86 = Release|x86
	EndGlobalSection
	GlobalSection(ProjectConfigurationPlatforms) = postSolution
		{CC4A233E-BE8A-47CC-A87C-8352BFD557B7}.Debug|Any CPU.ActiveCfg = Debug|Any CPU
		{CC4A233E-BE8A-47CC-A87C-8352BFD557B7}.Debug|Any CPU.Build.0 = Debug|Any CPU
		{CC4A233E-BE8A-47CC-A87C-8352BFD557B7}.Debug|Mixed Platforms.ActiveCfg = Debug|Any CPU
		{CC4A233E-BE8A-47CC-A87C-8352BFD557B7}.Debug|Mixed Platforms.Build.0 = Debug|Any CPU
		{CC4A233E-BE8A-47CC-A87C-8352BFD557B7}.Debug|x86.ActiveCfg = Debug|Any CPU
		{CC4A233E-BE8A-47CC-A87C-8352BFD557B7}.DebugLive|Any CPU.ActiveCfg = DebugLive|Any CPU
		{CC4A233E-BE8A-47CC-A87C-8352BFD557B7}.DebugLive|Any CPU.Build.0 = DebugLive|Any CPU
		{CC4A233E-BE8A-47CC-A87C-8352BFD557B7}.DebugLive|Mixed Platforms.ActiveCfg = DebugLive|Any CPU
		{CC4A233E-BE8A-47CC-A87C-8352BFD557B7}.DebugLive|Mixed Platforms.Build.0 = DebugLive|Any CPU
		{CC4A233E-BE8A-47CC-A87C-8352BFD557B7}.DebugLive|x86.ActiveCfg = DebugLive|Any CPU
		{CC4A233E-BE8A-47CC-A87C-8352BFD557B7}.Release|Any CPU.ActiveCfg = Release|Any CPU
		{CC4A233E-BE8A-47CC-A87C-8352BFD557B7}.Release|Mixed Platforms.ActiveCfg = Release|Any CPU
		{CC4A233E-BE8A-47CC-A87C-8352BFD557B7}.Release|Mixed Platforms.Build.0 = Release|Any CPU
		{CC4A233E-BE8A-47CC-A87C-8352BFD557B7}.Release|x86.ActiveCfg = Release|Any CPU
		{3952A0F1-6FA9-4B6C-8658-BC83285B0BA7}.Debug|Any CPU.ActiveCfg = Debug|Any CPU
		{3952A0F1-6FA9-4B6C-8658-BC83285B0BA7}.Debug|Any CPU.Build.0 = Debug|Any CPU
		{3952A0F1-6FA9-4B6C-8658-BC83285B0BA7}.Debug|Mixed Platforms.ActiveCfg = Debug|Any CPU
		{3952A0F1-6FA9-4B6C-8658-BC83285B0BA7}.Debug|Mixed Platforms.Build.0 = Debug|Any CPU
		{3952A0F1-6FA9-4B6C-8658-BC83285B0BA7}.Debug|x86.ActiveCfg = Debug|Any CPU
		{3952A0F1-6FA9-4B6C-8658-BC83285B0BA7}.DebugLive|Any CPU.ActiveCfg = Debug|Any CPU
		{3952A0F1-6FA9-4B6C-8658-BC83285B0BA7}.DebugLive|Any CPU.Build.0 = Debug|Any CPU
		{3952A0F1-6FA9-4B6C-8658-BC83285B0BA7}.DebugLive|Mixed Platforms.ActiveCfg = Debug|Any CPU
		{3952A0F1-6FA9-4B6C-8658-BC83285B0BA7}.DebugLive|Mixed Platforms.Build.0 = Debug|Any CPU
		{3952A0F1-6FA9-4B6C-8658-BC83285B0BA7}.DebugLive|x86.ActiveCfg = Debug|Any CPU
		{3952A0F1-6FA9-4B6C-8658-BC83285B0BA7}.Release|Any CPU.ActiveCfg = Release|Any CPU
		{3952A0F1-6FA9-4B6C-8658-BC83285B0BA7}.Release|Any CPU.Build.0 = Release|Any CPU
		{3952A0F1-6FA9-4B6C-8658-BC83285B0BA7}.Release|Mixed Platforms.ActiveCfg = Release|Any CPU
		{3952A0F1-6FA9-4B6C-8658-BC83285B0BA7}.Release|Mixed Platforms.Build.0 = Release|Any CPU
		{3952A0F1-6FA9-4B6C-8658-BC83285B0BA7}.Release|x86.ActiveCfg = Release|Any CPU
	EndGlobalSection
	GlobalSection(SolutionProperties) = preSolution
		HideSolutionNode = FALSE
	EndGlobalSection
	GlobalSection(MonoDevelopProperties) = preSolution
		StartupItem = Weaver.Test\Weaver.Test.csproj
		Policies = $0
		$0.DotNetNamingPolicy = $1
		$1.DirectoryNamespaceAssociation = None
		$1.ResourceNamePolicy = FileFormatDefault
		$0.TextStylePolicy = $2
		$2.inheritsSet = null
		$2.scope = text/x-csharp
		$0.CSharpFormattingPolicy = $3
		$3.inheritsSet = Mono
		$3.inheritsScope = text/x-csharp
		$3.scope = text/x-csharp
		$0.TextStylePolicy = $4
		$4.FileWidth = 100
		$4.TabsToSpaces = False
		$4.EolMarker = Windows
		$4.inheritsSet = VisualStudio
		$4.inheritsScope = text/plain
		$4.scope = text/plain
	EndGlobalSection
EndGlobal
